<?xml version="1.0" encoding="utf-8"?>
<Project ToolsVersion="4.0" xmlns="http://schemas.microsoft.com/developer/msbuild/2003">
  <ItemGroup>
    <Filter Include="src">
      <UniqueIdentifier>{4FC737F1-C7A5-4376-A066-2A32D752A2FF}</UniqueIdentifier>
      <Extensions>cpp;c;cc;cxx;def;odl;idl;hpj;bat;asm;asmx</Extensions>
    </Filter>
    <Filter Include="test">
      <UniqueIdentifier>{93995380-89BD-4b04-88EB-625FBE52EBFB}</UniqueIdentifier>
      <Extensions>h;hh;hpp;hxx;hm;inl;inc;xsd</Extensions>
    </Filter>
  </ItemGroup>
  <ItemGroup>
    <ClCompile Include="..\..\test\test.cpp">
      <Filter>test</Filter>
    </ClCompile>
    <ClCompile Include="..\..\src\cheaptrick.cpp">
      <Filter>src</Filter>
    </ClCompile>
    <ClCompile Include="..\..\src\common.cpp">
      <Filter>src</Filter>
    </ClCompile>
    <ClCompile Include="..\..\src\d4c.cpp">
      <Filter>src</Filter>
    </ClCompile>
    <ClCompile Include="..\..\src\dio.cpp">
      <Filter>src</Filter>
    </ClCompile>
    <ClCompile Include="..\..\src\fft.cpp">
      <Filter>src</Filter>
    </ClCompile>
    <ClCompile Include="..\..\src\matlabfunctions.cpp">
      <Filter>src</Filter>
    </ClCompile>
    <ClCompile Include="..\..\src\stonemask.cpp">
      <Filter>src</Filter>
    </ClCompile>
    <ClCompile Include="..\..\src\synthesis.cpp">
      <Filter>src</Filter>
    </ClCompile>
    <ClCompile Include="..\..\test\audioio.cpp">
      <Filter>test</Filter>
    </ClCompile>
  </ItemGroup>
  <ItemGroup>
    <ClInclude Include="..\..\test\audioio.h">
      <Filter>test</Filter>
    </ClInclude>
    <ClInclude Include="..\..\src\world\cheaptrick.h">
      <Filter>src</Filter>
    </ClInclude>
    <ClInclude Include="..\..\src\world\common.h">
      <Filter>src</Filter>
    </ClInclude>
    <ClInclude Include="..\..\src\world\constantnumbers.h">
      <Filter>src</Filter>
    </ClInclude>
    <ClInclude Include="..\..\src\world\d4c.h">
      <Filter>src</Filter>
    </ClInclude>
    <ClInclude Include="..\..\src\world\dio.h">
      <Filter>src</Filter>
    </ClInclude>
    <ClInclude Include="..\..\src\world\fft.h">
      <Filter>src</Filter>
    </ClInclude>
    <ClInclude Include="..\..\src\world\macrodefinitions.h">
      <Filter>src</Filter>
    </ClInclude>
    <ClInclude Include="..\..\src\world\matlabfunctions.h">
      <Filter>src</Filter>
    </ClInclude>
    <ClInclude Include="..\..\src\world\stonemask.h">
      <Filter>src</Filter>
    </ClInclude>
    <ClInclude Include="..\..\src\world\synthesis.h">
      <Filter>src</Filter>
    </ClInclude>
  </ItemGroup>
</Project>